
Microsoft Visual Studio Solution File, Format Version 12.00
# Visual Studio 15
VisualStudioVersion = 15.0.28010.2048
MinimumVisualStudioVersion = 10.0.40219.1
Project("{FAE04EC0-301F-11D3-BF4B-00C04F79EFBC}") = "signalgen", "signalgen\signalgen.csproj", "{F8747FDB-D08B-4C51-890D-A3755C12197E}"
EndProject
Global
	GlobalSection(SolutionConfigurationPlatforms) = preSolution
		Debug|Any CPU = Debug|Any CPU
		Release|Any CPU = Release|Any CPU
	EndGlobalSection
	GlobalSection(ProjectConfigurationPlatforms) = postSolution
		{F8747FDB-D08B-4C51-890D-A3755C12197E}.Debug|Any CPU.ActiveCfg = Debug|Any CPU
		{F8747FDB-D08B-4C51-890D-A3755C12197E}.Debug|Any CPU.Build.0 = Debug|Any CPU
		{F8747FDB-D08B-4C51-890D-A3755C12197E}.Release|Any CPU.ActiveCfg = Release|Any CPU
		{F8747FDB-D08B-4C51-890D-A3755C12197E}.Release|Any CPU.Build.0 = Release|Any CPU
	EndGlobalSection
	GlobalSection(SolutionProperties) = preSolution
		HideSolutionNode = FALSE
	EndGlobalSection
	GlobalSection(ExtensibilityGlobals) = postSolution
		SolutionGuid = {565A7EA6-815A-4C73-99B6-E2CB6AB046E6}
	EndGlobalSection
EndGlobal
